
Microsoft Visual Studio Solution File, Format Version 12.00
# Visual Studio Version 16
VisualStudioVersion = 16.0.29709.97
MinimumVisualStudioVersion = 10.0.40219.1
Project("{FAE04EC0-301F-11D3-BF4B-00C04F79EFBC}") = "Notable.DataAcess", "Notable.DataAcess\Notable.DataAcess.csproj", "{47E07A9E-F1FF-492C-B195-EDC3CC0DFDC4}"
EndProject
Project("{FAE04EC0-301F-11D3-BF4B-00C04F79EFBC}") = "Notable.Model", "Notable.Model\Notable.Model.csproj", "{1CCBEEA1-B4FE-4CC9-B793-8D5DE1884B60}"
EndProject
Global
	GlobalSection(SolutionConfigurationPlatforms) = preSolution
		Debug|Any CPU = Debug|Any CPU
		Release|Any CPU = Release|Any CPU
	EndGlobalSection
	GlobalSection(ProjectConfigurationPlatforms) = postSolution
		{47E07A9E-F1FF-492C-B195-EDC3CC0DFDC4}.Debug|Any CPU.ActiveCfg = Debug|Any CPU
		{47E07A9E-F1FF-492C-B195-EDC3CC0DFDC4}.Debug|Any CPU.Build.0 = Debug|Any CPU
		{47E07A9E-F1FF-492C-B195-EDC3CC0DFDC4}.Release|Any CPU.ActiveCfg = Release|Any CPU
		{47E07A9E-F1FF-492C-B195-EDC3CC0DFDC4}.Release|Any CPU.Build.0 = Release|Any CPU
		{1CCBEEA1-B4FE-4CC9-B793-8D5DE1884B60}.Debug|Any CPU.ActiveCfg = Debug|Any CPU
		{1CCBEEA1-B4FE-4CC9-B793-8D5DE1884B60}.Debug|Any CPU.Build.0 = Debug|Any CPU
		{1CCBEEA1-B4FE-4CC9-B793-8D5DE1884B60}.Release|Any CPU.ActiveCfg = Release|Any CPU
		{1CCBEEA1-B4FE-4CC9-B793-8D5DE1884B60}.Release|Any CPU.Build.0 = Release|Any CPU
	EndGlobalSection
	GlobalSection(SolutionProperties) = preSolution
		HideSolutionNode = FALSE
	EndGlobalSection
	GlobalSection(ExtensibilityGlobals) = postSolution
		SolutionGuid = {55F2E655-CB88-4D0E-B677-5CA228B4F2AB}
	EndGlobalSection
EndGlobal
